
Microsoft Visual Studio Solution File, Format Version 12.00
# Visual Studio Version 17
VisualStudioVersion = 17.14.36930.0 d17.14
MinimumVisualStudioVersion = 10.0.40219.1
Project("{FAE04EC0-301F-11D3-BF4B-00C04F79EFBC}") = "Yash.CustomTool.API.Ritesh", "Yash.CustomTool.API.Ritesh.csproj", "{8DCB83EE-32FF-113A-9E50-67BD654F43BC}"
EndProject
Global
	GlobalSection(SolutionConfigurationPlatforms) = preSolution
		Debug|Any CPU = Debug|Any CPU
		Release|Any CPU = Release|Any CPU
	EndGlobalSection
	GlobalSection(ProjectConfigurationPlatforms) = postSolution
		{8DCB83EE-32FF-113A-9E50-67BD654F43BC}.Debug|Any CPU.ActiveCfg = Debug|Any CPU
		{8DCB83EE-32FF-113A-9E50-67BD654F43BC}.Debug|Any CPU.Build.0 = Debug|Any CPU
		{8DCB83EE-32FF-113A-9E50-67BD654F43BC}.Release|Any CPU.ActiveCfg = Release|Any CPU
		{8DCB83EE-32FF-113A-9E50-67BD654F43BC}.Release|Any CPU.Build.0 = Release|Any CPU
	EndGlobalSection
	GlobalSection(SolutionProperties) = preSolution
		HideSolutionNode = FALSE
	EndGlobalSection
	GlobalSection(ExtensibilityGlobals) = postSolution
		SolutionGuid = {351FD0B7-79A7-42D5-9F21-D42A942E54FB}
	EndGlobalSection
EndGlobal
